
Microsoft Visual Studio Solution File, Format Version 12.00
# Visual Studio 14
VisualStudioVersion = 14.0.25420.1
MinimumVisualStudioVersion = 10.0.40219.1
Project("{FAE04EC0-301F-11D3-BF4B-00C04F79EFBC}") = "Belatrix.CodeReview", "Belatrix.CodeReview\Belatrix.CodeReview.csproj", "{CB58527D-C75A-4EDF-9B82-DC699537BE0E}"
EndProject
Project("{FAE04EC0-301F-11D3-BF4B-00C04F79EFBC}") = "Belatrix.CodeReview.UnitTests", "Belatrix.CodeReview.UnitTests\Belatrix.CodeReview.UnitTests.csproj", "{9C0234D1-0B92-45F9-BF19-C878D781C654}"
EndProject
Global
	GlobalSection(SolutionConfigurationPlatforms) = preSolution
		Debug|Any CPU = Debug|Any CPU
		Release|Any CPU = Release|Any CPU
	EndGlobalSection
	GlobalSection(ProjectConfigurationPlatforms) = postSolution
		{CB58527D-C75A-4EDF-9B82-DC699537BE0E}.Debug|Any CPU.ActiveCfg = Debug|Any CPU
		{CB58527D-C75A-4EDF-9B82-DC699537BE0E}.Debug|Any CPU.Build.0 = Debug|Any CPU
		{CB58527D-C75A-4EDF-9B82-DC699537BE0E}.Release|Any CPU.ActiveCfg = Release|Any CPU
		{CB58527D-C75A-4EDF-9B82-DC699537BE0E}.Release|Any CPU.Build.0 = Release|Any CPU
		{9C0234D1-0B92-45F9-BF19-C878D781C654}.Debug|Any CPU.ActiveCfg = Debug|Any CPU
		{9C0234D1-0B92-45F9-BF19-C878D781C654}.Debug|Any CPU.Build.0 = Debug|Any CPU
		{9C0234D1-0B92-45F9-BF19-C878D781C654}.Release|Any CPU.ActiveCfg = Release|Any CPU
		{9C0234D1-0B92-45F9-BF19-C878D781C654}.Release|Any CPU.Build.0 = Release|Any CPU
	EndGlobalSection
	GlobalSection(SolutionProperties) = preSolution
		HideSolutionNode = FALSE
	EndGlobalSection
EndGlobal
